
Microsoft Visual Studio Solution File, Format Version 12.00
# Visual Studio Version 17
VisualStudioVersion = 17.14.37012.4
MinimumVisualStudioVersion = 10.0.40219.1
Project("{FAE04EC0-301F-11D3-BF4B-00C04F79EFBC}") = "ElectroPi.TaskManager.API.Tests", "ElectroPi.TaskManager.API.Tests\ElectroPi.TaskManager.API.Tests.csproj", "{8A4E43A5-B333-4E9F-9CEC-4C63E790238B}"
EndProject
Project("{FAE04EC0-301F-11D3-BF4B-00C04F79EFBC}") = "ElectroPi.TaskManager.Application.Tests", "ElectroPi.TaskManager.Application.Tests\ElectroPi.TaskManager.Application.Tests.csproj", "{23944DCE-8CAF-4B7B-A155-DA98176C9432}"
EndProject
Project("{FAE04EC0-301F-11D3-BF4B-00C04F79EFBC}") = "ElectroPi.TaskManager.Domain.Tests", "ElectroPi.TaskManager.Domain.Tests\ElectroPi.TaskManager.Domain.Tests.csproj", "{768B5629-DE2F-4ACA-BBDD-3CB7B7209F4F}"
EndProject
Project("{FAE04EC0-301F-11D3-BF4B-00C04F79EFBC}") = "ElectroPi.TaskManager.Application", "..\ElectroPi.TaskManager.Application\ElectroPi.TaskManager.Application.csproj", "{284536AC-5D6A-8628-4A55-437A45AE453C}"
EndProject
Project("{FAE04EC0-301F-11D3-BF4B-00C04F79EFBC}") = "ElectroPi.TaskManager.Domain", "..\ElectroPi.TaskManager.Domain\ElectroPi.TaskManager.Domain.csproj", "{23C043DD-AF27-DE2C-B0C8-F457B9790ED4}"
EndProject
Global
	GlobalSection(SolutionConfigurationPlatforms) = preSolution
		Debug|Any CPU = Debug|Any CPU
		Release|Any CPU = Release|Any CPU
	EndGlobalSection
	GlobalSection(ProjectConfigurationPlatforms) = postSolution
		{8A4E43A5-B333-4E9F-9CEC-4C63E790238B}.Debug|Any CPU.ActiveCfg = Debug|Any CPU
		{8A4E43A5-B333-4E9F-9CEC-4C63E790238B}.Debug|Any CPU.Build.0 = Debug|Any CPU
		{8A4E43A5-B333-4E9F-9CEC-4C63E790238B}.Release|Any CPU.ActiveCfg = Release|Any CPU
		{8A4E43A5-B333-4E9F-9CEC-4C63E790238B}.Release|Any CPU.Build.0 = Release|Any CPU
		{23944DCE-8CAF-4B7B-A155-DA98176C9432}.Debug|Any CPU.ActiveCfg = Debug|Any CPU
		{23944DCE-8CAF-4B7B-A155-DA98176C9432}.Debug|Any CPU.Build.0 = Debug|Any CPU
		{23944DCE-8CAF-4B7B-A155-DA98176C9432}.Release|Any CPU.ActiveCfg = Release|Any CPU
		{23944DCE-8CAF-4B7B-A155-DA98176C9432}.Release|Any CPU.Build.0 = Release|Any CPU
		{768B5629-DE2F-4ACA-BBDD-3CB7B7209F4F}.Debug|Any CPU.ActiveCfg = Debug|Any CPU
		{768B5629-DE2F-4ACA-BBDD-3CB7B7209F4F}.Debug|Any CPU.Build.0 = Debug|Any CPU
		{768B5629-DE2F-4ACA-BBDD-3CB7B7209F4F}.Release|Any CPU.ActiveCfg = Release|Any CPU
		{768B5629-DE2F-4ACA-BBDD-3CB7B7209F4F}.Release|Any CPU.Build.0 = Release|Any CPU
		{284536AC-5D6A-8628-4A55-437A45AE453C}.Debug|Any CPU.ActiveCfg = Debug|Any CPU
		{284536AC-5D6A-8628-4A55-437A45AE453C}.Debug|Any CPU.Build.0 = Debug|Any CPU
		{284536AC-5D6A-8628-4A55-437A45AE453C}.Release|Any CPU.ActiveCfg = Release|Any CPU
		{284536AC-5D6A-8628-4A55-437A45AE453C}.Release|Any CPU.Build.0 = Release|Any CPU
		{23C043DD-AF27-DE2C-B0C8-F457B9790ED4}.Debug|Any CPU.ActiveCfg = Debug|Any CPU
		{23C043DD-AF27-DE2C-B0C8-F457B9790ED4}.Debug|Any CPU.Build.0 = Debug|Any CPU
		{23C043DD-AF27-DE2C-B0C8-F457B9790ED4}.Release|Any CPU.ActiveCfg = Release|Any CPU
		{23C043DD-AF27-DE2C-B0C8-F457B9790ED4}.Release|Any CPU.Build.0 = Release|Any CPU
	EndGlobalSection
	GlobalSection(SolutionProperties) = preSolution
		HideSolutionNode = FALSE
	EndGlobalSection
	GlobalSection(ExtensibilityGlobals) = postSolution
		SolutionGuid = {5A963B33-27D7-4177-B0E9-FE5FC31952D5}
	EndGlobalSection
EndGlobal
